{
  "name": "test-npm",
  "version": "1.0.0",
  "lockfileVersion": 3,
  "requires": true,
  "packages": {
    "": {
      "name": "test-npm",
      "version": "1.0.0",
      "license": "ISC",
      "dependencies": {
        "clauded": "file:.."
      }
    },
    "..": {
      "name": "clauded",
      "version": "1.2.1",
      "hasInstallScript": true,
      "license": "MIT",
      "dependencies": {
        "chalk": "^5.3.0",
        "commander": "^11.1.0",
        "inquirer": "^9.2.12",
        "ora": "^7.0.1"
      },
      "bin": {
        "clauded": "bin/clauded.js"
      },
      "devDependencies": {
        "eslint": "^8.55.0",
        "jest": "^29.7.0"
      },
      "engines": {
        "node": ">=16.0.0"
      }
    },
    "node_modules/clauded": {
      "resolved": "..",
      "link": true
    }
  }
}
